
Microsoft Visual Studio Solution File, Format Version 11.00
# Visual Studio 2010
Project("{FAE04EC0-301F-11D3-BF4B-00C04F79EFBC}") = "Assembly-CSharp", "Assembly-CSharp.csproj", "{ACE1C004-D947-15D3-F006-DEBDF5FDB721}"
EndProject
Project("{FAE04EC0-301F-11D3-BF4B-00C04F79EFBC}") = "Assembly-CSharp-Editor", "Assembly-CSharp-Editor.csproj", "{61208F6B-AD22-DA75-8C27-04A3820EB0D3}"
EndProject
Global
	GlobalSection(SolutionConfigurationPlatforms) = preSolution
		Debug|Any CPU = Debug|Any CPU
		Release|Any CPU = Release|Any CPU
	EndGlobalSection
	GlobalSection(ProjectConfigurationPlatforms) = postSolution
		{ACE1C004-D947-15D3-F006-DEBDF5FDB721}.Debug|Any CPU.ActiveCfg = Debug|Any CPU
		{ACE1C004-D947-15D3-F006-DEBDF5FDB721}.Debug|Any CPU.Build.0 = Debug|Any CPU
		{ACE1C004-D947-15D3-F006-DEBDF5FDB721}.Release|Any CPU.ActiveCfg = Release|Any CPU
		{ACE1C004-D947-15D3-F006-DEBDF5FDB721}.Release|Any CPU.Build.0 = Release|Any CPU
		{61208F6B-AD22-DA75-8C27-04A3820EB0D3}.Debug|Any CPU.ActiveCfg = Debug|Any CPU
		{61208F6B-AD22-DA75-8C27-04A3820EB0D3}.Debug|Any CPU.Build.0 = Debug|Any CPU
		{61208F6B-AD22-DA75-8C27-04A3820EB0D3}.Release|Any CPU.ActiveCfg = Release|Any CPU
		{61208F6B-AD22-DA75-8C27-04A3820EB0D3}.Release|Any CPU.Build.0 = Release|Any CPU
	EndGlobalSection
	GlobalSection(SolutionProperties) = preSolution
		HideSolutionNode = FALSE
	EndGlobalSection
	GlobalSection(MonoDevelopProperties) = preSolution
		StartupItem = Assembly-CSharp.csproj
	EndGlobalSection
EndGlobal
